
Microsoft Visual Studio Solution File, Format Version 12.00
# Visual Studio 15
VisualStudioVersion = 15.0.28307.271
MinimumVisualStudioVersion = 10.0.40219.1
Project("{FAE04EC0-301F-11D3-BF4B-00C04F79EFBC}") = "GeoLibContracts", "GeoLibContracts\GeoLibContracts.csproj", "{4DF75F7D-8AAE-4C85-B919-F2FE4A17908E}"
EndProject
Project("{FAE04EC0-301F-11D3-BF4B-00C04F79EFBC}") = "GeoLibServices", "GeoLibServices\GeoLibServices.csproj", "{454CE51E-8638-4362-A68B-FE0F55DE494A}"
EndProject
Project("{FAE04EC0-301F-11D3-BF4B-00C04F79EFBC}") = "GeoLibRespositories", "GeoLibRespositories\GeoLibRespositories.csproj", "{E89CE24D-96FA-4AEF-86C7-3B1E0A43402C}"
EndProject
Project("{FAE04EC0-301F-11D3-BF4B-00C04F79EFBC}") = "GeoLibTest", "GeoLibTest\GeoLibTest.csproj", "{F5A4AC37-6175-440F-8C85-C7C0F6F9577F}"
EndProject
Project("{2150E333-8FDC-42A3-9474-1A3956D46DE8}") = "Hosting", "Hosting", "{177B6381-4375-4EEA-A9DE-8CBE6EF3EAF1}"
EndProject
Project("{FAE04EC0-301F-11D3-BF4B-00C04F79EFBC}") = "ConsoleHosting", "Hosting\ConsoleHosting\ConsoleHosting.csproj", "{EA3BE7D4-FD56-4E57-B64F-8193A5D15788}"
EndProject
Project("{FAE04EC0-301F-11D3-BF4B-00C04F79EFBC}") = "WebHosting", "Hosting\WebHosting\WebHosting.csproj", "{62BC3231-5A49-4A32-9301-B4BBF9313DF6}"
EndProject
Global
	GlobalSection(SolutionConfigurationPlatforms) = preSolution
		Debug|Any CPU = Debug|Any CPU
		Release|Any CPU = Release|Any CPU
	EndGlobalSection
	GlobalSection(ProjectConfigurationPlatforms) = postSolution
		{4DF75F7D-8AAE-4C85-B919-F2FE4A17908E}.Debug|Any CPU.ActiveCfg = Debug|Any CPU
		{4DF75F7D-8AAE-4C85-B919-F2FE4A17908E}.Debug|Any CPU.Build.0 = Debug|Any CPU
		{4DF75F7D-8AAE-4C85-B919-F2FE4A17908E}.Release|Any CPU.ActiveCfg = Release|Any CPU
		{4DF75F7D-8AAE-4C85-B919-F2FE4A17908E}.Release|Any CPU.Build.0 = Release|Any CPU
		{454CE51E-8638-4362-A68B-FE0F55DE494A}.Debug|Any CPU.ActiveCfg = Debug|Any CPU
		{454CE51E-8638-4362-A68B-FE0F55DE494A}.Debug|Any CPU.Build.0 = Debug|Any CPU
		{454CE51E-8638-4362-A68B-FE0F55DE494A}.Release|Any CPU.ActiveCfg = Release|Any CPU
		{454CE51E-8638-4362-A68B-FE0F55DE494A}.Release|Any CPU.Build.0 = Release|Any CPU
		{E89CE24D-96FA-4AEF-86C7-3B1E0A43402C}.Debug|Any CPU.ActiveCfg = Debug|Any CPU
		{E89CE24D-96FA-4AEF-86C7-3B1E0A43402C}.Debug|Any CPU.Build.0 = Debug|Any CPU
		{E89CE24D-96FA-4AEF-86C7-3B1E0A43402C}.Release|Any CPU.ActiveCfg = Release|Any CPU
		{E89CE24D-96FA-4AEF-86C7-3B1E0A43402C}.Release|Any CPU.Build.0 = Release|Any CPU
		{F5A4AC37-6175-440F-8C85-C7C0F6F9577F}.Debug|Any CPU.ActiveCfg = Debug|Any CPU
		{F5A4AC37-6175-440F-8C85-C7C0F6F9577F}.Debug|Any CPU.Build.0 = Debug|Any CPU
		{F5A4AC37-6175-440F-8C85-C7C0F6F9577F}.Release|Any CPU.ActiveCfg = Release|Any CPU
		{F5A4AC37-6175-440F-8C85-C7C0F6F9577F}.Release|Any CPU.Build.0 = Release|Any CPU
		{EA3BE7D4-FD56-4E57-B64F-8193A5D15788}.Debug|Any CPU.ActiveCfg = Debug|Any CPU
		{EA3BE7D4-FD56-4E57-B64F-8193A5D15788}.Debug|Any CPU.Build.0 = Debug|Any CPU
		{EA3BE7D4-FD56-4E57-B64F-8193A5D15788}.Release|Any CPU.ActiveCfg = Release|Any CPU
		{EA3BE7D4-FD56-4E57-B64F-8193A5D15788}.Release|Any CPU.Build.0 = Release|Any CPU
		{62BC3231-5A49-4A32-9301-B4BBF9313DF6}.Debug|Any CPU.ActiveCfg = Debug|Any CPU
		{62BC3231-5A49-4A32-9301-B4BBF9313DF6}.Debug|Any CPU.Build.0 = Debug|Any CPU
		{62BC3231-5A49-4A32-9301-B4BBF9313DF6}.Release|Any CPU.ActiveCfg = Release|Any CPU
		{62BC3231-5A49-4A32-9301-B4BBF9313DF6}.Release|Any CPU.Build.0 = Release|Any CPU
	EndGlobalSection
	GlobalSection(SolutionProperties) = preSolution
		HideSolutionNode = FALSE
	EndGlobalSection
	GlobalSection(NestedProjects) = preSolution
		{EA3BE7D4-FD56-4E57-B64F-8193A5D15788} = {177B6381-4375-4EEA-A9DE-8CBE6EF3EAF1}
		{62BC3231-5A49-4A32-9301-B4BBF9313DF6} = {177B6381-4375-4EEA-A9DE-8CBE6EF3EAF1}
	EndGlobalSection
	GlobalSection(ExtensibilityGlobals) = postSolution
		SolutionGuid = {13EBD185-2461-4F51-904E-F65AB64A8D9E}
	EndGlobalSection
EndGlobal
